
Microsoft Visual Studio Solution File, Format Version 12.00
# Visual Studio 15
VisualStudioVersion = 15.0.28307.168
MinimumVisualStudioVersion = 10.0.40219.1
Project("{8BC9CEB8-8B4A-11D0-8D11-00A0C91BC942}") = "Loose-GNSS-IMU", "Loose-GNSS-IMU\Loose-GNSS-IMU.vcxproj", "{0EE2DE29-747D-4ECA-BCD0-0AAE8D5C85A0}"
EndProject
Global
	GlobalSection(SolutionConfigurationPlatforms) = preSolution
		Debug|x64 = Debug|x64
		Debug|x86 = Debug|x86
		Release|x64 = Release|x64
		Release|x86 = Release|x86
	EndGlobalSection
	GlobalSection(ProjectConfigurationPlatforms) = postSolution
		{0EE2DE29-747D-4ECA-BCD0-0AAE8D5C85A0}.Debug|x64.ActiveCfg = Debug|x64
		{0EE2DE29-747D-4ECA-BCD0-0AAE8D5C85A0}.Debug|x64.Build.0 = Debug|x64
		{0EE2DE29-747D-4ECA-BCD0-0AAE8D5C85A0}.Debug|x86.ActiveCfg = Debug|Win32
		{0EE2DE29-747D-4ECA-BCD0-0AAE8D5C85A0}.Debug|x86.Build.0 = Debug|Win32
		{0EE2DE29-747D-4ECA-BCD0-0AAE8D5C85A0}.Release|x64.ActiveCfg = Release|x64
		{0EE2DE29-747D-4ECA-BCD0-0AAE8D5C85A0}.Release|x64.Build.0 = Release|x64
		{0EE2DE29-747D-4ECA-BCD0-0AAE8D5C85A0}.Release|x86.ActiveCfg = Release|Win32
		{0EE2DE29-747D-4ECA-BCD0-0AAE8D5C85A0}.Release|x86.Build.0 = Release|Win32
	EndGlobalSection
	GlobalSection(SolutionProperties) = preSolution
		HideSolutionNode = FALSE
	EndGlobalSection
	GlobalSection(ExtensibilityGlobals) = postSolution
		SolutionGuid = {6B5E42B1-8CA3-41A8-BB62-33394F260BC8}
	EndGlobalSection
EndGlobal
